
Microsoft Visual Studio Solution File, Format Version 12.00
# Visual Studio Version 17
VisualStudioVersion = 17.14.36518.9 d17.14
MinimumVisualStudioVersion = 10.0.40219.1
Project("{FAE04EC0-301F-11D3-BF4B-00C04F79EFBC}") = "RestaurantSystemAPP", "RestaurantSystemAPP\RestaurantSystemAPP.csproj", "{B9A4771E-19F3-4640-85D2-53A04944F331}"
EndProject
Global
	GlobalSection(SolutionConfigurationPlatforms) = preSolution
		Debug|Any CPU = Debug|Any CPU
		Release|Any CPU = Release|Any CPU
	EndGlobalSection
	GlobalSection(ProjectConfigurationPlatforms) = postSolution
		{B9A4771E-19F3-4640-85D2-53A04944F331}.Debug|Any CPU.ActiveCfg = Debug|Any CPU
		{B9A4771E-19F3-4640-85D2-53A04944F331}.Debug|Any CPU.Build.0 = Debug|Any CPU
		{B9A4771E-19F3-4640-85D2-53A04944F331}.Release|Any CPU.ActiveCfg = Release|Any CPU
		{B9A4771E-19F3-4640-85D2-53A04944F331}.Release|Any CPU.Build.0 = Release|Any CPU
	EndGlobalSection
	GlobalSection(SolutionProperties) = preSolution
		HideSolutionNode = FALSE
	EndGlobalSection
	GlobalSection(ExtensibilityGlobals) = postSolution
		SolutionGuid = {725F11B0-49AE-45FB-9DCE-0005520CF57D}
	EndGlobalSection
EndGlobal
